
Microsoft Visual Studio Solution File, Format Version 12.00
# Visual Studio Version 16
VisualStudioVersion = 16.0.29215.179
MinimumVisualStudioVersion = 10.0.40219.1
Project("{FAE04EC0-301F-11D3-BF4B-00C04F79EFBC}") = "ConsoleApp3", "ConsoleApp3\ConsoleApp3.csproj", "{096D3B80-5832-434E-977E-63F022CD67AB}"
EndProject
Global
	GlobalSection(SolutionConfigurationPlatforms) = preSolution
		Debug|Any CPU = Debug|Any CPU
		Release|Any CPU = Release|Any CPU
	EndGlobalSection
	GlobalSection(ProjectConfigurationPlatforms) = postSolution
		{096D3B80-5832-434E-977E-63F022CD67AB}.Debug|Any CPU.ActiveCfg = Debug|Any CPU
		{096D3B80-5832-434E-977E-63F022CD67AB}.Debug|Any CPU.Build.0 = Debug|Any CPU
		{096D3B80-5832-434E-977E-63F022CD67AB}.Release|Any CPU.ActiveCfg = Release|Any CPU
		{096D3B80-5832-434E-977E-63F022CD67AB}.Release|Any CPU.Build.0 = Release|Any CPU
	EndGlobalSection
	GlobalSection(SolutionProperties) = preSolution
		HideSolutionNode = FALSE
	EndGlobalSection
	GlobalSection(ExtensibilityGlobals) = postSolution
		SolutionGuid = {8C65AF45-5985-4055-A241-65F3A0DAB337}
	EndGlobalSection
EndGlobal
